{
  "name": "chains",
  "lockfileVersion": 2,
  "requires": true,
  "packages": {
    "": {
      "devDependencies": {
        "prettier": "2.8.4"
      }
    },
    "node_modules/prettier": {
      "version": "2.8.4",
      "resolved": "https://registry.npmjs.org/prettier/-/prettier-2.8.4.tgz",
      "integrity": "sha512-vIS4Rlc2FNh0BySk3Wkd6xmwxB0FpOndW5fisM5H8hsZSxU2VWVB5CWIkIjWvrHjIhxk2g3bfMKM87zNTrZddw==",
      "dev": true,
      "bin": {
        "prettier": "bin-prettier.js"
      },
      "engines": {
        "node": ">=10.13.0"
      },
      "funding": {
        "url": "https://github.com/prettier/prettier?sponsor=1"
      }
    }
  },
  "dependencies": {
    "prettier": {
      "version": "2.8.4",
      "resolved": "https://registry.npmjs.org/prettier/-/prettier-2.8.4.tgz",
      "integrity": "sha512-vIS4Rlc2FNh0BySk3Wkd6xmwxB0FpOndW5fisM5H8hsZSxU2VWVB5CWIkIjWvrHjIhxk2g3bfMKM87zNTrZddw==",
      "dev": true
    }
  }
}
